
Microsoft Visual Studio Solution File, Format Version 12.00
# Visual Studio Version 16
VisualStudioVersion = 16.0.30225.117
MinimumVisualStudioVersion = 10.0.40219.1
Project("{FAE04EC0-301F-11D3-BF4B-00C04F79EFBC}") = "TraditionalCipher.Library", "TraditionalCipher.Library\TraditionalCipher.Library.csproj", "{A846F05C-E117-4380-80C1-0A0FBA2C07DA}"
EndProject
Project("{FAE04EC0-301F-11D3-BF4B-00C04F79EFBC}") = "TraditionalCipher.Tests", "TraditionalCipher.Tests\TraditionalCipher.Tests.csproj", "{53B82841-B9FB-42FE-9CB8-18C377D7998C}"
EndProject
Global
	GlobalSection(SolutionConfigurationPlatforms) = preSolution
		Debug|Any CPU = Debug|Any CPU
		Release|Any CPU = Release|Any CPU
	EndGlobalSection
	GlobalSection(ProjectConfigurationPlatforms) = postSolution
		{A846F05C-E117-4380-80C1-0A0FBA2C07DA}.Debug|Any CPU.ActiveCfg = Debug|Any CPU
		{A846F05C-E117-4380-80C1-0A0FBA2C07DA}.Debug|Any CPU.Build.0 = Debug|Any CPU
		{A846F05C-E117-4380-80C1-0A0FBA2C07DA}.Release|Any CPU.ActiveCfg = Release|Any CPU
		{A846F05C-E117-4380-80C1-0A0FBA2C07DA}.Release|Any CPU.Build.0 = Release|Any CPU
		{53B82841-B9FB-42FE-9CB8-18C377D7998C}.Debug|Any CPU.ActiveCfg = Debug|Any CPU
		{53B82841-B9FB-42FE-9CB8-18C377D7998C}.Debug|Any CPU.Build.0 = Debug|Any CPU
		{53B82841-B9FB-42FE-9CB8-18C377D7998C}.Release|Any CPU.ActiveCfg = Release|Any CPU
		{53B82841-B9FB-42FE-9CB8-18C377D7998C}.Release|Any CPU.Build.0 = Release|Any CPU
	EndGlobalSection
	GlobalSection(SolutionProperties) = preSolution
		HideSolutionNode = FALSE
	EndGlobalSection
	GlobalSection(ExtensibilityGlobals) = postSolution
		SolutionGuid = {E39B1085-2AA9-43C4-BF5C-24CD9A12D9F3}
	EndGlobalSection
EndGlobal
